
Microsoft Visual Studio Solution File, Format Version 12.00
# Visual Studio Version 17
VisualStudioVersion = 17.5.002.0
MinimumVisualStudioVersion = 10.0.40219.1
Project("{9A19103F-16F7-4668-BE54-9A1E7A4F7556}") = "AccessControlCloseVisits", "AccessControlCloseVisits.csproj", "{D872FB2F-58CC-4C2E-A635-04EFDBFC6DAE}"
EndProject
Global
	GlobalSection(SolutionConfigurationPlatforms) = preSolution
		Debug|Any CPU = Debug|Any CPU
		Release|Any CPU = Release|Any CPU
	EndGlobalSection
	GlobalSection(ProjectConfigurationPlatforms) = postSolution
		{D872FB2F-58CC-4C2E-A635-04EFDBFC6DAE}.Debug|Any CPU.ActiveCfg = Debug|Any CPU
		{D872FB2F-58CC-4C2E-A635-04EFDBFC6DAE}.Debug|Any CPU.Build.0 = Debug|Any CPU
		{D872FB2F-58CC-4C2E-A635-04EFDBFC6DAE}.Release|Any CPU.ActiveCfg = Release|Any CPU
		{D872FB2F-58CC-4C2E-A635-04EFDBFC6DAE}.Release|Any CPU.Build.0 = Release|Any CPU
	EndGlobalSection
	GlobalSection(SolutionProperties) = preSolution
		HideSolutionNode = FALSE
	EndGlobalSection
	GlobalSection(ExtensibilityGlobals) = postSolution
		SolutionGuid = {2C925703-1933-41DE-BADE-29704859B04B}
	EndGlobalSection
EndGlobal
